uuid: 4ddaf2c3-3aca-493e-9850-5ea15200e052
langcode: en
status: true
dependencies:
  config:
    - block_content.type.basic
    - field.storage.node.field_add_custom_block
    - node.type.page
  module:
    - entity_reference_revisions
id: node.page.field_add_custom_block
field_name: field_add_custom_block
entity_type: node
bundle: page
label: 'Custom Block'
description: ''
required: false
translatable: false
default_value: {  }
default_value_callback: ''
settings:
  handler: 'default:block_content'
  handler_settings:
    target_bundles:
      basic: basic
    sort:
      field: _none
      direction: ASC
    auto_create: false
    auto_create_bundle: authors_slider
field_type: entity_reference_revisions
